
Microsoft Visual Studio Solution File, Format Version 12.00
# Visual Studio Version 17
VisualStudioVersion = 17.0.31903.59
MinimumVisualStudioVersion = 10.0.40219.1
Project("{FAE04EC0-301F-11D3-BF4B-00C04F79EFBC}") = "Ico2Ccode", "Ico2Ccode\Ico2Ccode.csproj", "{AF79F563-3CD8-411D-BFF1-12B6B43836FA}"
EndProject
Project("{FAE04EC0-301F-11D3-BF4B-00C04F79EFBC}") = "Ico2CcodeTests", "Ico2CcodeTests\Ico2CcodeTests.csproj", "{E0E9E655-3753-4C31-956F-AAB29F25A2A6}"
EndProject
Global
	GlobalSection(SolutionConfigurationPlatforms) = preSolution
		Debug|Any CPU = Debug|Any CPU
		Release|Any CPU = Release|Any CPU
	EndGlobalSection
	GlobalSection(ProjectConfigurationPlatforms) = postSolution
		{AF79F563-3CD8-411D-BFF1-12B6B43836FA}.Debug|Any CPU.ActiveCfg = Debug|Any CPU
		{AF79F563-3CD8-411D-BFF1-12B6B43836FA}.Debug|Any CPU.Build.0 = Debug|Any CPU
		{AF79F563-3CD8-411D-BFF1-12B6B43836FA}.Release|Any CPU.ActiveCfg = Release|Any CPU
		{AF79F563-3CD8-411D-BFF1-12B6B43836FA}.Release|Any CPU.Build.0 = Release|Any CPU
		{E0E9E655-3753-4C31-956F-AAB29F25A2A6}.Debug|Any CPU.ActiveCfg = Debug|Any CPU
		{E0E9E655-3753-4C31-956F-AAB29F25A2A6}.Debug|Any CPU.Build.0 = Debug|Any CPU
		{E0E9E655-3753-4C31-956F-AAB29F25A2A6}.Release|Any CPU.ActiveCfg = Release|Any CPU
		{E0E9E655-3753-4C31-956F-AAB29F25A2A6}.Release|Any CPU.Build.0 = Release|Any CPU
	EndGlobalSection
	GlobalSection(SolutionProperties) = preSolution
		HideSolutionNode = FALSE
	EndGlobalSection
EndGlobal
